{
    "_readme": [
        "This file locks the dependencies of your project to a known state",
        "Read more about it at https://getcomposer.org/doc/01-basic-usage.md#installing-dependencies",
        "This file is @generated automatically"
    ],
    "content-hash": "6f8230f77061717aa2433d11749556aa",
    "packages": [
        {
            "name": "globalpayments/php-sdk",
            "version": "13.0.6",
            "source": {
                "type": "git",
                "url": "https://github.com/globalpayments/php-sdk.git",
                "reference": "25a48193e42f6a38a1229d7bbc9d955c5ef12bb7"
            },
            "dist": {
                "type": "zip",
                "url": "https://api.github.com/repos/globalpayments/php-sdk/zipball/25a48193e42f6a38a1229d7bbc9d955c5ef12bb7",
                "reference": "25a48193e42f6a38a1229d7bbc9d955c5ef12bb7",
                "shasum": ""
            },
            "require": {
                "ext-curl": "*",
                "ext-dom": "*",
                "ext-fileinfo": "*",
                "ext-intl": "*",
                "ext-json": "*",
                "ext-mbstring": "*",
                "ext-openssl": "*",
                "ext-zlib": "*",
                "php": ">= 8.0"
            },
            "require-dev": {
                "phpstan/phpstan": "^0.12",
                "phpunit/phpunit": "^7.5 || ^8.5 || ~9.4",
                "squizlabs/php_codesniffer": "2.*"
            },
            "type": "library",
            "autoload": {
                "psr-4": {
                    "GlobalPayments\\Api\\": "src/"
                }
            },
            "notification-url": "https://packagist.org/downloads/",
            "license": [
                "GPL-2.0-or-later"
            ],
            "authors": [
                {
                    "name": "Heartland Payment Systems"
                }
            ],
            "description": "PHP SDK for processing payments with Global Payments, including Heartland Payment Systems and Realex Payments",
            "homepage": "https://developer.heartlandpaymentsystems.com/documentation",
            "support": {
                "issues": "https://github.com/globalpayments/php-sdk/issues",
                "source": "https://github.com/globalpayments/php-sdk/tree/13.0.6"
            },
            "time": "2024-11-20T13:09:23+00:00"
        }
    ],
    "packages-dev": [],
    "aliases": [],
    "minimum-stability": "stable",
    "stability-flags": {},
    "prefer-stable": false,
    "prefer-lowest": false,
    "platform": {},
    "platform-dev": {},
    "plugin-api-version": "2.6.0"
}
